
Microsoft Visual Studio Solution File, Format Version 12.00
# Visual Studio Version 16
VisualStudioVersion = 16.0.30517.126
MinimumVisualStudioVersion = 10.0.40219.1
Project("{FAE04EC0-301F-11D3-BF4B-00C04F79EFBC}") = "AspNetWebApiRest", "AspNetWebApiRest.csproj", "{7CEB38C4-8F16-49AA-9796-37EAE46D5A4F}"
EndProject
Global
	GlobalSection(SolutionConfigurationPlatforms) = preSolution
		Debug|Any CPU = Debug|Any CPU
		Release|Any CPU = Release|Any CPU
	EndGlobalSection
	GlobalSection(ProjectConfigurationPlatforms) = postSolution
		{7CEB38C4-8F16-49AA-9796-37EAE46D5A4F}.Debug|Any CPU.ActiveCfg = Debug|Any CPU
		{7CEB38C4-8F16-49AA-9796-37EAE46D5A4F}.Debug|Any CPU.Build.0 = Debug|Any CPU
		{7CEB38C4-8F16-49AA-9796-37EAE46D5A4F}.Release|Any CPU.ActiveCfg = Release|Any CPU
		{7CEB38C4-8F16-49AA-9796-37EAE46D5A4F}.Release|Any CPU.Build.0 = Release|Any CPU
	EndGlobalSection
	GlobalSection(SolutionProperties) = preSolution
		HideSolutionNode = FALSE
	EndGlobalSection
	GlobalSection(ExtensibilityGlobals) = postSolution
		SolutionGuid = {04D50092-2C47-4184-8569-A2CD0DFC04F6}
	EndGlobalSection
EndGlobal
